// !$*UTF8*$!
{
	archiveVersion = 1;
	classes = {
	};
	objectVersion = 51;
	objects = {

/* Begin PBXBuildFile section */
		16081FCFAF33143A52B5F966 /* Pods_QQNewFeaturesDemo.framework in Frameworks */ = {isa = PBXBuildFile; fileRef = 3B94C870D47A306BF5C2E137 /* Pods_QQNewFeaturesDemo.framework */; };
		4A48E2DE23176D00009E395E /* HYHAppDelegate.m in Sources */ = {isa = PBXBuildFile; fileRef = 4A48E2DD23176D00009E395E /* HYHAppDelegate.m */; };
		4A48E2E123176D00009E395E /* HYHHomeController.m in Sources */ = {isa = PBXBuildFile; fileRef = 4A48E2E023176D00009E395E /* HYHHomeController.m */; };
		4A48E2E423176D00009E395E /* Main.storyboard in Resources */ = {isa = PBXBuildFile; fileRef = 4A48E2E223176D00009E395E /* Main.storyboard */; };
		4A48E2E623176D01009E395E /* Assets.xcassets in Resources */ = {isa = PBXBuildFile; fileRef = 4A48E2E523176D01009E395E /* Assets.xcassets */; };
		4A48E2E923176D01009E395E /* LaunchScreen.storyboard in Resources */ = {isa = PBXBuildFile; fileRef = 4A48E2E723176D01009E395E /* LaunchScreen.storyboard */; };
		4A48E2EC23176D01009E395E /* main.m in Sources */ = {isa = PBXBuildFile; fileRef = 4A48E2EB23176D01009E395E /* main.m */; };
		4A48E2F623176D02009E395E /* QQNewFeaturesDemoTests.m in Sources */ = {isa = PBXBuildFile; fileRef = 4A48E2F523176D02009E395E /* QQNewFeaturesDemoTests.m */; };
		4A48E30123176D02009E395E /* QQNewFeaturesDemoUITests.m in Sources */ = {isa = PBXBuildFile; fileRef = 4A48E30023176D02009E395E /* QQNewFeaturesDemoUITests.m */; };
		4A48E31023177413009E395E /* HYHNavigationController.m in Sources */ = {isa = PBXBuildFile; fileRef = 4A48E30F23177413009E395E /* HYHNavigationController.m */; };
		4A48E31823177A8E009E395E /* HYHHomeBusiness.m in Sources */ = {isa = PBXBuildFile; fileRef = 4A48E31723177A8E009E395E /* HYHHomeBusiness.m */; };
		4A48E31C23177E00009E395E /* HYHHomeTableViewCell.m in Sources */ = {isa = PBXBuildFile; fileRef = 4A48E31A23177E00009E395E /* HYHHomeTableViewCell.m */; };
		4A48E31D23177E00009E395E /* HYHHomeTableViewCell.xib in Resources */ = {isa = PBXBuildFile; fileRef = 4A48E31B23177E00009E395E /* HYHHomeTableViewCell.xib */; };
		4A48E3212317D48E009E395E /* UIImage+HYHProcessing.m in Sources */ = {isa = PBXBuildFile; fileRef = 4A48E3202317D48E009E395E /* UIImage+HYHProcessing.m */; };
		4A48E3242317F3F9009E395E /* list.json in Resources */ = {isa = PBXBuildFile; fileRef = 4A48E3232317F3F9009E395E /* list.json */; };
		4A48E3272317F420009E395E /* HYHJsonParse.m in Sources */ = {isa = PBXBuildFile; fileRef = 4A48E3262317F420009E395E /* HYHJsonParse.m */; };
		4A48E32A2317F439009E395E /* HYHHomeListModel.m in Sources */ = {isa = PBXBuildFile; fileRef = 4A48E3292317F439009E395E /* HYHHomeListModel.m */; };
		D585BAFB15D3FFE07E6CDD9F /* Pods_QQNewFeaturesDemoTests.framework in Frameworks */ = {isa = PBXBuildFile; fileRef = 8D64CC83158682E36EE9C447 /* Pods_QQNewFeaturesDemoTests.framework */; };
		F5DE3B50B6C1599ADEAEEE8A /* Pods_QQNewFeaturesDemoUITests.framework in Frameworks */ = {isa = PBXBuildFile; fileRef = 149AF2FA3A1B9928B78A9941 /* Pods_QQNewFeaturesDemoUITests.framework */; };
/* End PBXBuildFile section */

/* Begin PBXContainerItemProxy section */
		4A48E2F223176D02009E395E /* PBXContainerItemProxy */ = {
			isa = PBXContainerItemProxy;
			containerPortal = 4A48E2D123176D00009E395E /* Project object */;
			proxyType = 1;
			remoteGlobalIDString = 4A48E2D823176D00009E395E;
			remoteInfo = QQNewFeaturesDemo;
		};
		4A48E2FD23176D02009E395E /* PBXContainerItemProxy */ = {
			isa = PBXContainerItemProxy;
			containerPortal = 4A48E2D123176D00009E395E /* Project object */;
			proxyType = 1;
			remoteGlobalIDString = 4A48E2D823176D00009E395E;
			remoteInfo = QQNewFeaturesDemo;
		};
/* End PBXContainerItemProxy section */

/* Begin PBXFileReference section */
		149AF2FA3A1B9928B78A9941 /* Pods_QQNewFeaturesDemoUITests.framework */ = {isa = PBXFileReference; explicitFileType = wrapper.framework; includeInIndex = 0; path = Pods_QQNewFeaturesDemoUITests.framework; sourceTree = BUILT_PRODUCTS_DIR; };
		3B94C870D47A306BF5C2E137 /* Pods_QQNewFeaturesDemo.framework */ = {isa = PBXFileReference; explicitFileType = wrapper.framework; includeInIndex = 0; path = Pods_QQNewFeaturesDemo.framework; sourceTree = BUILT_PRODUCTS_DIR; };
		3C4A30D3F0BCF248A74DA07B /* Pods-QQNewFeaturesDemoUITests.release.xcconfig */ = {isa = PBXFileReference; includeInIndex = 1; lastKnownFileType = text.xcconfig; name = "Pods-QQNewFeaturesDemoUITests.release.xcconfig"; path = "Target Support Files/Pods-QQNewFeaturesDemoUITests/Pods-QQNewFeaturesDemoUITests.release.xcconfig"; sourceTree = "<group>"; };
		44D5600A9EA33B50F6030468 /* Pods-QQNewFeaturesDemo.debug.xcconfig */ = {isa = PBXFileReference; includeInIndex = 1; lastKnownFileType = text.xcconfig; name = "Pods-QQNewFeaturesDemo.debug.xcconfig"; path = "Target Support Files/Pods-QQNewFeaturesDemo/Pods-QQNewFeaturesDemo.debug.xcconfig"; sourceTree = "<group>"; };
		4A48E2D923176D00009E395E /* QQNewFeaturesDemo.app */ = {isa = PBXFileReference; explicitFileType = wrapper.application; includeInIndex = 0; path = QQNewFeaturesDemo.app; sourceTree = BUILT_PRODUCTS_DIR; };
		4A48E2DC23176D00009E395E /* HYHAppDelegate.h */ = {isa = PBXFileReference; lastKnownFileType = sourcecode.c.h; path = HYHAppDelegate.h; sourceTree = "<group>"; };
		4A48E2DD23176D00009E395E /* HYHAppDelegate.m */ = {isa = PBXFileReference; lastKnownFileType = sourcecode.c.objc; path = HYHAppDelegate.m; sourceTree = "<group>"; };
		4A48E2DF23176D00009E395E /* HYHHomeController.h */ = {isa = PBXFileReference; lastKnownFileType = sourcecode.c.h; path = HYHHomeController.h; sourceTree = "<group>"; };
		4A48E2E023176D00009E395E /* HYHHomeController.m */ = {isa = PBXFileReference; lastKnownFileType = sourcecode.c.objc; path = HYHHomeController.m; sourceTree = "<group>"; };
		4A48E2E323176D00009E395E /* Base */ = {isa = PBXFileReference; lastKnownFileType = file.storyboard; name = Base; path = Base.lproj/Main.storyboard; sourceTree = "<group>"; };
		4A48E2E523176D01009E395E /* Assets.xcassets */ = {isa = PBXFileReference; lastKnownFileType = folder.assetcatalog; path = Assets.xcassets; sourceTree = "<group>"; };
		4A48E2E823176D01009E395E /* Base */ = {isa = PBXFileReference; lastKnownFileType = file.storyboard; name = Base; path = Base.lproj/LaunchScreen.storyboard; sourceTree = "<group>"; };
		4A48E2EA23176D01009E395E /* Info.plist */ = {isa = PBXFileReference; lastKnownFileType = text.plist.xml; path = Info.plist; sourceTree = "<group>"; };
		4A48E2EB23176D01009E395E /* main.m */ = {isa = PBXFileReference; lastKnownFileType = sourcecode.c.objc; path = main.m; sourceTree = "<group>"; };
		4A48E2F123176D02009E395E /* QQNewFeaturesDemoTests.xctest */ = {isa = PBXFileReference; explicitFileType = wrapper.cfbundle; includeInIndex = 0; path = QQNewFeaturesDemoTests.xctest; sourceTree = BUILT_PRODUCTS_DIR; };
		4A48E2F523176D02009E395E /* QQNewFeaturesDemoTests.m */ = {isa = PBXFileReference; lastKnownFileType = sourcecode.c.objc; path = QQNewFeaturesDemoTests.m; sourceTree = "<group>"; };
		4A48E2F723176D02009E395E /* Info.plist */ = {isa = PBXFileReference; lastKnownFileType = text.plist.xml; path = Info.plist; sourceTree = "<group>"; };
		4A48E2FC23176D02009E395E /* QQNewFeaturesDemoUITests.xctest */ = {isa = PBXFileReference; explicitFileType = wrapper.cfbundle; includeInIndex = 0; path = QQNewFeaturesDemoUITests.xctest; sourceTree = BUILT_PRODUCTS_DIR; };
		4A48E30023176D02009E395E /* QQNewFeaturesDemoUITests.m */ = {isa = PBXFileReference; lastKnownFileType = sourcecode.c.objc; path = QQNewFeaturesDemoUITests.m; sourceTree = "<group>"; };
		4A48E30223176D02009E395E /* Info.plist */ = {isa = PBXFileReference; lastKnownFileType = text.plist.xml; path = Info.plist; sourceTree = "<group>"; };
		4A48E30E23177413009E395E /* HYHNavigationController.h */ = {isa = PBXFileReference; lastKnownFileType = sourcecode.c.h; path = HYHNavigationController.h; sourceTree = "<group>"; };
		4A48E30F23177413009E395E /* HYHNavigationController.m */ = {isa = PBXFileReference; lastKnownFileType = sourcecode.c.objc; path = HYHNavigationController.m; sourceTree = "<group>"; };
		4A48E311231776BF009E395E /* QQNewFeaturesDemo.pch */ = {isa = PBXFileReference; lastKnownFileType = sourcecode.c.h; path = QQNewFeaturesDemo.pch; sourceTree = "<group>"; };
		4A48E31623177A8E009E395E /* HYHHomeBusiness.h */ = {isa = PBXFileReference; lastKnownFileType = sourcecode.c.h; path = HYHHomeBusiness.h; sourceTree = "<group>"; };
		4A48E31723177A8E009E395E /* HYHHomeBusiness.m */ = {isa = PBXFileReference; lastKnownFileType = sourcecode.c.objc; path = HYHHomeBusiness.m; sourceTree = "<group>"; };
		4A48E31923177E00009E395E /* HYHHomeTableViewCell.h */ = {isa = PBXFileReference; lastKnownFileType = sourcecode.c.h; path = HYHHomeTableViewCell.h; sourceTree = "<group>"; };
		4A48E31A23177E00009E395E /* HYHHomeTableViewCell.m */ = {isa = PBXFileReference; lastKnownFileType = sourcecode.c.objc; path = HYHHomeTableViewCell.m; sourceTree = "<group>"; };
		4A48E31B23177E00009E395E /* HYHHomeTableViewCell.xib */ = {isa = PBXFileReference; lastKnownFileType = file.xib; path = HYHHomeTableViewCell.xib; sourceTree = "<group>"; };
		4A48E31F2317D48E009E395E /* UIImage+HYHProcessing.h */ = {isa = PBXFileReference; lastKnownFileType = sourcecode.c.h; path = "UIImage+HYHProcessing.h"; sourceTree = "<group>"; };
		4A48E3202317D48E009E395E /* UIImage+HYHProcessing.m */ = {isa = PBXFileReference; lastKnownFileType = sourcecode.c.objc; path = "UIImage+HYHProcessing.m"; sourceTree = "<group>"; };
		4A48E3232317F3F9009E395E /* list.json */ = {isa = PBXFileReference; fileEncoding = 4; lastKnownFileType = text.json; name = list.json; path = ../../../list.json; sourceTree = "<group>"; };
		4A48E3252317F420009E395E /* HYHJsonParse.h */ = {isa = PBXFileReference; lastKnownFileType = sourcecode.c.h; path = HYHJsonParse.h; sourceTree = "<group>"; };
		4A48E3262317F420009E395E /* HYHJsonParse.m */ = {isa = PBXFileReference; lastKnownFileType = sourcecode.c.objc; path = HYHJsonParse.m; sourceTree = "<group>"; };
		4A48E3282317F439009E395E /* HYHHomeListModel.h */ = {isa = PBXFileReference; lastKnownFileType = sourcecode.c.h; path = HYHHomeListModel.h; sourceTree = "<group>"; };
		4A48E3292317F439009E395E /* HYHHomeListModel.m */ = {isa = PBXFileReference; lastKnownFileType = sourcecode.c.objc; path = HYHHomeListModel.m; sourceTree = "<group>"; };
		8D64CC83158682E36EE9C447 /* Pods_QQNewFeaturesDemoTests.framework */ = {isa = PBXFileReference; explicitFileType = wrapper.framework; includeInIndex = 0; path = Pods_QQNewFeaturesDemoTests.framework; sourceTree = BUILT_PRODUCTS_DIR; };
		C9677B6475702D2F1964BEC5 /* Pods-QQNewFeaturesDemo.release.xcconfig */ = {isa = PBXFileReference; includeInIndex = 1; lastKnownFileType = text.xcconfig; name = "Pods-QQNewFeaturesDemo.release.xcconfig"; path = "Target Support Files/Pods-QQNewFeaturesDemo/Pods-QQNewFeaturesDemo.release.xcconfig"; sourceTree = "<group>"; };
		D822811DA7FBD7CA9E208C94 /* Pods-QQNewFeaturesDemoTests.release.xcconfig */ = {isa = PBXFileReference; includeInIndex = 1; lastKnownFileType = text.xcconfig; name = "Pods-QQNewFeaturesDemoTests.release.xcconfig"; path = "Target Support Files/Pods-QQNewFeaturesDemoTests/Pods-QQNewFeaturesDemoTests.release.xcconfig"; sourceTree = "<group>"; };
		F5B88D7769AA5284A4E549B0 /* Pods-QQNewFeaturesDemoTests.debug.xcconfig */ = {isa = PBXFileReference; includeInIndex = 1; lastKnownFileType = text.xcconfig; name = "Pods-QQNewFeaturesDemoTests.debug.xcconfig"; path = "Target Support Files/Pods-QQNewFeaturesDemoTests/Pods-QQNewFeaturesDemoTests.debug.xcconfig"; sourceTree = "<group>"; };
		FD7240F337DDDBB9920EC06D /* Pods-QQNewFeaturesDemoUITests.debug.xcconfig */ = {isa = PBXFileReference; includeInIndex = 1; lastKnownFileType = text.xcconfig; name = "Pods-QQNewFeaturesDemoUITests.debug.xcconfig"; path = "Target Support Files/Pods-QQNewFeaturesDemoUITests/Pods-QQNewFeaturesDemoUITests.debug.xcconfig"; sourceTree = "<group>"; };
/* End PBXFileReference section */

/* Begin PBXFrameworksBuildPhase section */
		4A48E2D623176D00009E395E /* Frameworks */ = {
			isa = PBXFrameworksBuildPhase;
			buildActionMask = 2147483647;
			files = (
				16081FCFAF33143A52B5F966 /* Pods_QQNewFeaturesDemo.framework in Frameworks */,
			);
			runOnlyForDeploymentPostprocessing = 0;
		};
		4A48E2EE23176D02009E395E /* Frameworks */ = {
			isa = PBXFrameworksBuildPhase;
			buildActionMask = 2147483647;
			files = (
				D585BAFB15D3FFE07E6CDD9F /* Pods_QQNewFeaturesDemoTests.framework in Frameworks */,
			);
			runOnlyForDeploymentPostprocessing = 0;
		};
		4A48E2F923176D02009E395E /* Frameworks */ = {
			isa = PBXFrameworksBuildPhase;
			buildActionMask = 2147483647;
			files = (
				F5DE3B50B6C1599ADEAEEE8A /* Pods_QQNewFeaturesDemoUITests.framework in Frameworks */,
			);
			runOnlyForDeploymentPostprocessing = 0;
		};
/* End PBXFrameworksBuildPhase section */

/* Begin PBXGroup section */
		4A48E2D023176D00009E395E = {
			isa = PBXGroup;
			children = (
				4A48E2DB23176D00009E395E /* QQNewFeaturesDemo */,
				4A48E2F423176D02009E395E /* QQNewFeaturesDemoTests */,
				4A48E2FF23176D02009E395E /* QQNewFeaturesDemoUITests */,
				4A48E2DA23176D00009E395E /* Products */,
				6C021B0CD4A7163E8B081757 /* Pods */,
				6B00891774E69B46081443E3 /* Frameworks */,
			);
			sourceTree = "<group>";
		};
		4A48E2DA23176D00009E395E /* Products */ = {
			isa = PBXGroup;
			children = (
				4A48E2D923176D00009E395E /* QQNewFeaturesDemo.app */,
				4A48E2F123176D02009E395E /* QQNewFeaturesDemoTests.xctest */,
				4A48E2FC23176D02009E395E /* QQNewFeaturesDemoUITests.xctest */,
			);
			name = Products;
			sourceTree = "<group>";
		};
		4A48E2DB23176D00009E395E /* QQNewFeaturesDemo */ = {
			isa = PBXGroup;
			children = (
				4A48E3222317E57E009E395E /* Resources */,
				4A48E31E2317D418009E395E /* Categories */,
				4A48E31523177A5A009E395E /* ViewModels */,
				4A48E31423177A52009E395E /* Models */,
				4A48E31323177A22009E395E /* Views */,
				4A48E31223177A17009E395E /* Controllers */,
			);
			path = QQNewFeaturesDemo;
			sourceTree = "<group>";
		};
		4A48E2F423176D02009E395E /* QQNewFeaturesDemoTests */ = {
			isa = PBXGroup;
			children = (
				4A48E2F523176D02009E395E /* QQNewFeaturesDemoTests.m */,
				4A48E2F723176D02009E395E /* Info.plist */,
			);
			path = QQNewFeaturesDemoTests;
			sourceTree = "<group>";
		};
		4A48E2FF23176D02009E395E /* QQNewFeaturesDemoUITests */ = {
			isa = PBXGroup;
			children = (
				4A48E30023176D02009E395E /* QQNewFeaturesDemoUITests.m */,
				4A48E30223176D02009E395E /* Info.plist */,
			);
			path = QQNewFeaturesDemoUITests;
			sourceTree = "<group>";
		};
		4A48E31223177A17009E395E /* Controllers */ = {
			isa = PBXGroup;
			children = (
				4A48E30E23177413009E395E /* HYHNavigationController.h */,
				4A48E30F23177413009E395E /* HYHNavigationController.m */,
				4A48E2DF23176D00009E395E /* HYHHomeController.h */,
				4A48E2E023176D00009E395E /* HYHHomeController.m */,
			);
			path = Controllers;
			sourceTree = "<group>";
		};
		4A48E31323177A22009E395E /* Views */ = {
			isa = PBXGroup;
			children = (
				4A48E31923177E00009E395E /* HYHHomeTableViewCell.h */,
				4A48E31A23177E00009E395E /* HYHHomeTableViewCell.m */,
				4A48E31B23177E00009E395E /* HYHHomeTableViewCell.xib */,
			);
			path = Views;
			sourceTree = "<group>";
		};
		4A48E31423177A52009E395E /* Models */ = {
			isa = PBXGroup;
			children = (
				4A48E3282317F439009E395E /* HYHHomeListModel.h */,
				4A48E3292317F439009E395E /* HYHHomeListModel.m */,
			);
			path = Models;
			sourceTree = "<group>";
		};
		4A48E31523177A5A009E395E /* ViewModels */ = {
			isa = PBXGroup;
			children = (
				4A48E31623177A8E009E395E /* HYHHomeBusiness.h */,
				4A48E31723177A8E009E395E /* HYHHomeBusiness.m */,
				4A48E3252317F420009E395E /* HYHJsonParse.h */,
				4A48E3262317F420009E395E /* HYHJsonParse.m */,
			);
			path = ViewModels;
			sourceTree = "<group>";
		};
		4A48E31E2317D418009E395E /* Categories */ = {
			isa = PBXGroup;
			children = (
				4A48E31F2317D48E009E395E /* UIImage+HYHProcessing.h */,
				4A48E3202317D48E009E395E /* UIImage+HYHProcessing.m */,
			);
			path = Categories;
			sourceTree = "<group>";
		};
		4A48E3222317E57E009E395E /* Resources */ = {
			isa = PBXGroup;
			children = (
				4A48E3232317F3F9009E395E /* list.json */,
				4A48E2DC23176D00009E395E /* HYHAppDelegate.h */,
				4A48E2DD23176D00009E395E /* HYHAppDelegate.m */,
				4A48E2E223176D00009E395E /* Main.storyboard */,
				4A48E2E523176D01009E395E /* Assets.xcassets */,
				4A48E2E723176D01009E395E /* LaunchScreen.storyboard */,
				4A48E2EA23176D01009E395E /* Info.plist */,
				4A48E311231776BF009E395E /* QQNewFeaturesDemo.pch */,
				4A48E2EB23176D01009E395E /* main.m */,
			);
			path = Resources;
			sourceTree = "<group>";
		};
		6B00891774E69B46081443E3 /* Frameworks */ = {
			isa = PBXGroup;
			children = (
				3B94C870D47A306BF5C2E137 /* Pods_QQNewFeaturesDemo.framework */,
				8D64CC83158682E36EE9C447 /* Pods_QQNewFeaturesDemoTests.framework */,
				149AF2FA3A1B9928B78A9941 /* Pods_QQNewFeaturesDemoUITests.framework */,
			);
			name = Frameworks;
			sourceTree = "<group>";
		};
		6C021B0CD4A7163E8B081757 /* Pods */ = {
			isa = PBXGroup;
			children = (
				44D5600A9EA33B50F6030468 /* Pods-QQNewFeaturesDemo.debug.xcconfig */,
				C9677B6475702D2F1964BEC5 /* Pods-QQNewFeaturesDemo.release.xcconfig */,
				F5B88D7769AA5284A4E549B0 /* Pods-QQNewFeaturesDemoTests.debug.xcconfig */,
				D822811DA7FBD7CA9E208C94 /* Pods-QQNewFeaturesDemoTests.release.xcconfig */,
				FD7240F337DDDBB9920EC06D /* Pods-QQNewFeaturesDemoUITests.debug.xcconfig */,
				3C4A30D3F0BCF248A74DA07B /* Pods-QQNewFeaturesDemoUITests.release.xcconfig */,
			);
			path = Pods;
			sourceTree = "<group>";
		};
/* End PBXGroup section */

/* Begin PBXNativeTarget section */
		4A48E2D823176D00009E395E /* QQNewFeaturesDemo */ = {
			isa = PBXNativeTarget;
			buildConfigurationList = 4A48E30523176D02009E395E /* Build configuration list for PBXNativeTarget "QQNewFeaturesDemo" */;
			buildPhases = (
				AF96DF4B92C50934DF138858 /* [CP] Check Pods Manifest.lock */,
				4A48E2D523176D00009E395E /* Sources */,
				4A48E2D623176D00009E395E /* Frameworks */,
				4A48E2D723176D00009E395E /* Resources */,
				17B58ECD336003637DDBFD82 /* [CP] Embed Pods Frameworks */,
			);
			buildRules = (
			);
			dependencies = (
			);
			name = QQNewFeaturesDemo;
			productName = QQNewFeaturesDemo;
			productReference = 4A48E2D923176D00009E395E /* QQNewFeaturesDemo.app */;
			productType = "com.apple.product-type.application";
		};
		4A48E2F023176D02009E395E /* QQNewFeaturesDemoTests */ = {
			isa = PBXNativeTarget;
			buildConfigurationList = 4A48E30823176D02009E395E /* Build configuration list for PBXNativeTarget "QQNewFeaturesDemoTests" */;
			buildPhases = (
				F55777ADBC6100283FB13D65 /* [CP] Check Pods Manifest.lock */,
				4A48E2ED23176D02009E395E /* Sources */,
				4A48E2EE23176D02009E395E /* Frameworks */,
				4A48E2EF23176D02009E395E /* Resources */,
			);
			buildRules = (
			);
			dependencies = (
				4A48E2F323176D02009E395E /* PBXTargetDependency */,
			);
			name = QQNewFeaturesDemoTests;
			productName = QQNewFeaturesDemoTests;
			productReference = 4A48E2F123176D02009E395E /* QQNewFeaturesDemoTests.xctest */;
			productType = "com.apple.product-type.bundle.unit-test";
		};
		4A48E2FB23176D02009E395E /* QQNewFeaturesDemoUITests */ = {
			isa = PBXNativeTarget;
			buildConfigurationList = 4A48E30B23176D02009E395E /* Build configuration list for PBXNativeTarget "QQNewFeaturesDemoUITests" */;
			buildPhases = (
				92B312DA69D947A42684AD27 /* [CP] Check Pods Manifest.lock */,
				4A48E2F823176D02009E395E /* Sources */,
				4A48E2F923176D02009E395E /* Frameworks */,
				4A48E2FA23176D02009E395E /* Resources */,
			);
			buildRules = (
			);
			dependencies = (
				4A48E2FE23176D02009E395E /* PBXTargetDependency */,
			);
			name = QQNewFeaturesDemoUITests;
			productName = QQNewFeaturesDemoUITests;
			productReference = 4A48E2FC23176D02009E395E /* QQNewFeaturesDemoUITests.xctest */;
			productType = "com.apple.product-type.bundle.ui-testing";
		};
/* End PBXNativeTarget section */

/* Begin PBXProject section */
		4A48E2D123176D00009E395E /* Project object */ = {
			isa = PBXProject;
			attributes = {
				LastUpgradeCheck = 1030;
				ORGANIZATIONNAME = DangDang;
				TargetAttributes = {
					4A48E2D823176D00009E395E = {
						CreatedOnToolsVersion = 10.3;
					};
					4A48E2F023176D02009E395E = {
						CreatedOnToolsVersion = 10.3;
						TestTargetID = 4A48E2D823176D00009E395E;
					};
					4A48E2FB23176D02009E395E = {
						CreatedOnToolsVersion = 10.3;
						TestTargetID = 4A48E2D823176D00009E395E;
					};
				};
			};
			buildConfigurationList = 4A48E2D423176D00009E395E /* Build configuration list for PBXProject "QQNewFeaturesDemo" */;
			compatibilityVersion = "Xcode 9.3";
			developmentRegion = en;
			hasScannedForEncodings = 0;
			knownRegions = (
				en,
				Base,
			);
			mainGroup = 4A48E2D023176D00009E395E;
			productRefGroup = 4A48E2DA23176D00009E395E /* Products */;
			projectDirPath = "";
			projectRoot = "";
			targets = (
				4A48E2D823176D00009E395E /* QQNewFeaturesDemo */,
				4A48E2F023176D02009E395E /* QQNewFeaturesDemoTests */,
				4A48E2FB23176D02009E395E /* QQNewFeaturesDemoUITests */,
			);
		};
/* End PBXProject section */

/* Begin PBXResourcesBuildPhase section */
		4A48E2D723176D00009E395E /* Resources */ = {
			isa = PBXResourcesBuildPhase;
			buildActionMask = 2147483647;
			files = (
				4A48E2E923176D01009E395E /* LaunchScreen.storyboard in Resources */,
				4A48E2E623176D01009E395E /* Assets.xcassets in Resources */,
				4A48E31D23177E00009E395E /* HYHHomeTableViewCell.xib in Resources */,
				4A48E3242317F3F9009E395E /* list.json in Resources */,
				4A48E2E423176D00009E395E /* Main.storyboard in Resources */,
			);
			runOnlyForDeploymentPostprocessing = 0;
		};
		4A48E2EF23176D02009E395E /* Resources */ = {
			isa = PBXResourcesBuildPhase;
			buildActionMask = 2147483647;
			files = (
			);
			runOnlyForDeploymentPostprocessing = 0;
		};
		4A48E2FA23176D02009E395E /* Resources */ = {
			isa = PBXResourcesBuildPhase;
			buildActionMask = 2147483647;
			files = (
			);
			runOnlyForDeploymentPostprocessing = 0;
		};
/* End PBXResourcesBuildPhase section */

/* Begin PBXShellScriptBuildPhase section */
		17B58ECD336003637DDBFD82 /* [CP] Embed Pods Frameworks */ = {
			isa = PBXShellScriptBuildPhase;
			buildActionMask = 2147483647;
			files = (
			);
			inputFileListPaths = (
				"${PODS_ROOT}/Target Support Files/Pods-QQNewFeaturesDemo/Pods-QQNewFeaturesDemo-frameworks-${CONFIGURATION}-input-files.xcfilelist",
			);
			name = "[CP] Embed Pods Frameworks";
			outputFileListPaths = (
				"${PODS_ROOT}/Target Support Files/Pods-QQNewFeaturesDemo/Pods-QQNewFeaturesDemo-frameworks-${CONFIGURATION}-output-files.xcfilelist",
			);
			runOnlyForDeploymentPostprocessing = 0;
			shellPath = /bin/sh;
			shellScript = "\"${PODS_ROOT}/Target Support Files/Pods-QQNewFeaturesDemo/Pods-QQNewFeaturesDemo-frameworks.sh\"\n";
			showEnvVarsInLog = 0;
		};
		92B312DA69D947A42684AD27 /* [CP] Check Pods Manifest.lock */ = {
			isa = PBXShellScriptBuildPhase;
			buildActionMask = 2147483647;
			files = (
			);
			inputFileListPaths = (
			);
			inputPaths = (
				"${PODS_PODFILE_DIR_PATH}/Podfile.lock",
				"${PODS_ROOT}/Manifest.lock",
			);
			name = "[CP] Check Pods Manifest.lock";
			outputFileListPaths = (
			);
			outputPaths = (
				"$(DERIVED_FILE_DIR)/Pods-QQNewFeaturesDemoUITests-checkManifestLockResult.txt",
			);
			runOnlyForDeploymentPostprocessing = 0;
			shellPath = /bin/sh;
			shellScript = "diff \"${PODS_PODFILE_DIR_PATH}/Podfile.lock\" \"${PODS_ROOT}/Manifest.lock\" > /dev/null\nif [ $? != 0 ] ; then\n    # print error to STDERR\n    echo \"error: The sandbox is not in sync with the Podfile.lock. Run 'pod install' or update your CocoaPods installation.\" >&2\n    exit 1\nfi\n# This output is used by Xcode 'outputs' to avoid re-running this script phase.\necho \"SUCCESS\" > \"${SCRIPT_OUTPUT_FILE_0}\"\n";
			showEnvVarsInLog = 0;
		};
		AF96DF4B92C50934DF138858 /* [CP] Check Pods Manifest.lock */ = {
			isa = PBXShellScriptBuildPhase;
			buildActionMask = 2147483647;
			files = (
			);
			inputFileListPaths = (
			);
			inputPaths = (
				"${PODS_PODFILE_DIR_PATH}/Podfile.lock",
				"${PODS_ROOT}/Manifest.lock",
			);
			name = "[CP] Check Pods Manifest.lock";
			outputFileListPaths = (
			);
			outputPaths = (
				"$(DERIVED_FILE_DIR)/Pods-QQNewFeaturesDemo-checkManifestLockResult.txt",
			);
			runOnlyForDeploymentPostprocessing = 0;
			shellPath = /bin/sh;
			shellScript = "diff \"${PODS_PODFILE_DIR_PATH}/Podfile.lock\" \"${PODS_ROOT}/Manifest.lock\" > /dev/null\nif [ $? != 0 ] ; then\n    # print error to STDERR\n    echo \"error: The sandbox is not in sync with the Podfile.lock. Run 'pod install' or update your CocoaPods installation.\" >&2\n    exit 1\nfi\n# This output is used by Xcode 'outputs' to avoid re-running this script phase.\necho \"SUCCESS\" > \"${SCRIPT_OUTPUT_FILE_0}\"\n";
			showEnvVarsInLog = 0;
		};
		F55777ADBC6100283FB13D65 /* [CP] Check Pods Manifest.lock */ = {
			isa = PBXShellScriptBuildPhase;
			buildActionMask = 2147483647;
			files = (
			);
			inputFileListPaths = (
			);
			inputPaths = (
				"${PODS_PODFILE_DIR_PATH}/Podfile.lock",
				"${PODS_ROOT}/Manifest.lock",
			);
			name = "[CP] Check Pods Manifest.lock";
			outputFileListPaths = (
			);
			outputPaths = (
				"$(DERIVED_FILE_DIR)/Pods-QQNewFeaturesDemoTests-checkManifestLockResult.txt",
			);
			runOnlyForDeploymentPostprocessing = 0;
			shellPath = /bin/sh;
			shellScript = "diff \"${PODS_PODFILE_DIR_PATH}/Podfile.lock\" \"${PODS_ROOT}/Manifest.lock\" > /dev/null\nif [ $? != 0 ] ; then\n    # print error to STDERR\n    echo \"error: The sandbox is not in sync with the Podfile.lock. Run 'pod install' or update your CocoaPods installation.\" >&2\n    exit 1\nfi\n# This output is used by Xcode 'outputs' to avoid re-running this script phase.\necho \"SUCCESS\" > \"${SCRIPT_OUTPUT_FILE_0}\"\n";
			showEnvVarsInLog = 0;
		};
/* End PBXShellScriptBuildPhase section */

/* Begin PBXSourcesBuildPhase section */
		4A48E2D523176D00009E395E /* Sources */ = {
			isa = PBXSourcesBuildPhase;
			buildActionMask = 2147483647;
			files = (
				4A48E2E123176D00009E395E /* HYHHomeController.m in Sources */,
				4A48E31823177A8E009E395E /* HYHHomeBusiness.m in Sources */,
				4A48E31C23177E00009E395E /* HYHHomeTableViewCell.m in Sources */,
				4A48E31023177413009E395E /* HYHNavigationController.m in Sources */,
				4A48E32A2317F439009E395E /* HYHHomeListModel.m in Sources */,
				4A48E2EC23176D01009E395E /* main.m in Sources */,
				4A48E2DE23176D00009E395E /* HYHAppDelegate.m in Sources */,
				4A48E3212317D48E009E395E /* UIImage+HYHProcessing.m in Sources */,
				4A48E3272317F420009E395E /* HYHJsonParse.m in Sources */,
			);
			runOnlyForDeploymentPostprocessing = 0;
		};
		4A48E2ED23176D02009E395E /* Sources */ = {
			isa = PBXSourcesBuildPhase;
			buildActionMask = 2147483647;
			files = (
				4A48E2F623176D02009E395E /* QQNewFeaturesDemoTests.m in Sources */,
			);
			runOnlyForDeploymentPostprocessing = 0;
		};
		4A48E2F823176D02009E395E /* Sources */ = {
			isa = PBXSourcesBuildPhase;
			buildActionMask = 2147483647;
			files = (
				4A48E30123176D02009E395E /* QQNewFeaturesDemoUITests.m in Sources */,
			);
			runOnlyForDeploymentPostprocessing = 0;
		};
/* End PBXSourcesBuildPhase section */

/* Begin PBXTargetDependency section */
		4A48E2F323176D02009E395E /* PBXTargetDependency */ = {
			isa = PBXTargetDependency;
			target = 4A48E2D823176D00009E395E /* QQNewFeaturesDemo */;
			targetProxy = 4A48E2F223176D02009E395E /* PBXContainerItemProxy */;
		};
		4A48E2FE23176D02009E395E /* PBXTargetDependency */ = {
			isa = PBXTargetDependency;
			target = 4A48E2D823176D00009E395E /* QQNewFeaturesDemo */;
			targetProxy = 4A48E2FD23176D02009E395E /* PBXContainerItemProxy */;
		};
/* End PBXTargetDependency section */

/* Begin PBXVariantGroup section */
		4A48E2E223176D00009E395E /* Main.storyboard */ = {
			isa = PBXVariantGroup;
			children = (
				4A48E2E323176D00009E395E /* Base */,
			);
			name = Main.storyboard;
			sourceTree = "<group>";
		};
		4A48E2E723176D01009E395E /* LaunchScreen.storyboard */ = {
			isa = PBXVariantGroup;
			children = (
				4A48E2E823176D01009E395E /* Base */,
			);
			name = LaunchScreen.storyboard;
			sourceTree = "<group>";
		};
/* End PBXVariantGroup section */

/* Begin XCBuildConfiguration section */
		4A48E30323176D02009E395E /* Debug */ = {
			isa = XCBuildConfiguration;
			buildSettings = {
				ALWAYS_SEARCH_USER_PATHS = NO;
				CLANG_ANALYZER_NONNULL = YES;
				CLANG_ANALYZER_NUMBER_OBJECT_CONVERSION = YES_AGGRESSIVE;
				CLANG_CXX_LANGUAGE_STANDARD = "gnu++14";
				CLANG_CXX_LIBRARY = "libc++";
				CLANG_ENABLE_MODULES = YES;
				CLANG_ENABLE_OBJC_ARC = YES;
				CLANG_ENABLE_OBJC_WEAK = YES;
				CLANG_WARN_BLOCK_CAPTURE_AUTORELEASING = YES;
				CLANG_WARN_BOOL_CONVERSION = YES;
				CLANG_WARN_COMMA = YES;
				CLANG_WARN_CONSTANT_CONVERSION = YES;
				CLANG_WARN_DEPRECATED_OBJC_IMPLEMENTATIONS = YES;
				CLANG_WARN_DIRECT_OBJC_ISA_USAGE = YES_ERROR;
				CLANG_WARN_DOCUMENTATION_COMMENTS = YES;
				CLANG_WARN_EMPTY_BODY = YES;
				CLANG_WARN_ENUM_CONVERSION = YES;
				CLANG_WARN_INFINITE_RECURSION = YES;
				CLANG_WARN_INT_CONVERSION = YES;
				CLANG_WARN_NON_LITERAL_NULL_CONVERSION = YES;
				CLANG_WARN_OBJC_IMPLICIT_RETAIN_SELF = YES;
				CLANG_WARN_OBJC_LITERAL_CONVERSION = YES;
				CLANG_WARN_OBJC_ROOT_CLASS = YES_ERROR;
				CLANG_WARN_RANGE_LOOP_ANALYSIS = YES;
				CLANG_WARN_STRICT_PROTOTYPES = YES;
				CLANG_WARN_SUSPICIOUS_MOVE = YES;
				CLANG_WARN_UNGUARDED_AVAILABILITY = YES_AGGRESSIVE;
				CLANG_WARN_UNREACHABLE_CODE = YES;
				CLANG_WARN__DUPLICATE_METHOD_MATCH = YES;
				CODE_SIGN_IDENTITY = "iPhone Developer";
				COPY_PHASE_STRIP = NO;
				DEBUG_INFORMATION_FORMAT = dwarf;
				ENABLE_STRICT_OBJC_MSGSEND = YES;
				ENABLE_TESTABILITY = YES;
				GCC_C_LANGUAGE_STANDARD = gnu11;
				GCC_DYNAMIC_NO_PIC = NO;
				GCC_NO_COMMON_BLOCKS = YES;
				GCC_OPTIMIZATION_LEVEL = 0;
				GCC_PREPROCESSOR_DEFINITIONS = (
					"DEBUG=1",
					"$(inherited)",
				);
				GCC_WARN_64_TO_32_BIT_CONVERSION = YES;
				GCC_WARN_ABOUT_RETURN_TYPE = YES_ERROR;
				GCC_WARN_UNDECLARED_SELECTOR = YES;
				GCC_WARN_UNINITIALIZED_AUTOS = YES_AGGRESSIVE;
				GCC_WARN_UNUSED_FUNCTION = YES;
				GCC_WARN_UNUSED_VARIABLE = YES;
				IPHONEOS_DEPLOYMENT_TARGET = 12.4;
				MTL_ENABLE_DEBUG_INFO = INCLUDE_SOURCE;
				MTL_FAST_MATH = YES;
				ONLY_ACTIVE_ARCH = YES;
				SDKROOT = iphoneos;
			};
			name = Debug;
		};
		4A48E30423176D02009E395E /* Release */ = {
			isa = XCBuildConfiguration;
			buildSettings = {
				ALWAYS_SEARCH_USER_PATHS = NO;
				CLANG_ANALYZER_NONNULL = YES;
				CLANG_ANALYZER_NUMBER_OBJECT_CONVERSION = YES_AGGRESSIVE;
				CLANG_CXX_LANGUAGE_STANDARD = "gnu++14";
				CLANG_CXX_LIBRARY = "libc++";
				CLANG_ENABLE_MODULES = YES;
				CLANG_ENABLE_OBJC_ARC = YES;
				CLANG_ENABLE_OBJC_WEAK = YES;
				CLANG_WARN_BLOCK_CAPTURE_AUTORELEASING = YES;
				CLANG_WARN_BOOL_CONVERSION = YES;
				CLANG_WARN_COMMA = YES;
				CLANG_WARN_CONSTANT_CONVERSION = YES;
				CLANG_WARN_DEPRECATED_OBJC_IMPLEMENTATIONS = YES;
				CLANG_WARN_DIRECT_OBJC_ISA_USAGE = YES_ERROR;
				CLANG_WARN_DOCUMENTATION_COMMENTS = YES;
				CLANG_WARN_EMPTY_BODY = YES;
				CLANG_WARN_ENUM_CONVERSION = YES;
				CLANG_WARN_INFINITE_RECURSION = YES;
				CLANG_WARN_INT_CONVERSION = YES;
				CLANG_WARN_NON_LITERAL_NULL_CONVERSION = YES;
				CLANG_WARN_OBJC_IMPLICIT_RETAIN_SELF = YES;
				CLANG_WARN_OBJC_LITERAL_CONVERSION = YES;
				CLANG_WARN_OBJC_ROOT_CLASS = YES_ERROR;
				CLANG_WARN_RANGE_LOOP_ANALYSIS = YES;
				CLANG_WARN_STRICT_PROTOTYPES = YES;
				CLANG_WARN_SUSPICIOUS_MOVE = YES;
				CLANG_WARN_UNGUARDED_AVAILABILITY = YES_AGGRESSIVE;
				CLANG_WARN_UNREACHABLE_CODE = YES;
				CLANG_WARN__DUPLICATE_METHOD_MATCH = YES;
				CODE_SIGN_IDENTITY = "iPhone Developer";
				COPY_PHASE_STRIP = NO;
				DEBUG_INFORMATION_FORMAT = "dwarf-with-dsym";
				ENABLE_NS_ASSERTIONS = NO;
				ENABLE_STRICT_OBJC_MSGSEND = YES;
				GCC_C_LANGUAGE_STANDARD = gnu11;
				GCC_NO_COMMON_BLOCKS = YES;
				GCC_WARN_64_TO_32_BIT_CONVERSION = YES;
				GCC_WARN_ABOUT_RETURN_TYPE = YES_ERROR;
				GCC_WARN_UNDECLARED_SELECTOR = YES;
				GCC_WARN_UNINITIALIZED_AUTOS = YES_AGGRESSIVE;
				GCC_WARN_UNUSED_FUNCTION = YES;
				GCC_WARN_UNUSED_VARIABLE = YES;
				IPHONEOS_DEPLOYMENT_TARGET = 12.4;
				MTL_ENABLE_DEBUG_INFO = NO;
				MTL_FAST_MATH = YES;
				SDKROOT = iphoneos;
				VALIDATE_PRODUCT = YES;
			};
			name = Release;
		};
		4A48E30623176D02009E395E /* Debug */ = {
			isa = XCBuildConfiguration;
			baseConfigurationReference = 44D5600A9EA33B50F6030468 /* Pods-QQNewFeaturesDemo.debug.xcconfig */;
			buildSettings = {
				ASSETCATALOG_COMPILER_APPICON_NAME = AppIcon;
				CODE_SIGN_STYLE = Automatic;
				GCC_PREFIX_HEADER = /Users/ddreader/Desktop/PersionalDEV/QQNewFeaturesDemo/QQNewFeaturesDemo/QQNewFeaturesDemo/Resources/QQNewFeaturesDemo.pch;
				INFOPLIST_FILE = "$(SRCROOT)/QQNewFeaturesDemo/Resources/Info.plist";
				IPHONEOS_DEPLOYMENT_TARGET = 8.0;
				LD_RUNPATH_SEARCH_PATHS = (
					"$(inherited)",
					"@executable_path/Frameworks",
				);
				PRODUCT_BUNDLE_IDENTIFIER = com.dangdang.QQNewFeaturesDemo;
				PRODUCT_NAME = "$(TARGET_NAME)";
				TARGETED_DEVICE_FAMILY = 1;
			};
			name = Debug;
		};
		4A48E30723176D02009E395E /* Release */ = {
			isa = XCBuildConfiguration;
			baseConfigurationReference = C9677B6475702D2F1964BEC5 /* Pods-QQNewFeaturesDemo.release.xcconfig */;
			buildSettings = {
				ASSETCATALOG_COMPILER_APPICON_NAME = AppIcon;
				CODE_SIGN_STYLE = Automatic;
				GCC_PREFIX_HEADER = /Users/ddreader/Desktop/PersionalDEV/QQNewFeaturesDemo/QQNewFeaturesDemo/QQNewFeaturesDemo/Resources/QQNewFeaturesDemo.pch;
				INFOPLIST_FILE = "$(SRCROOT)/QQNewFeaturesDemo/Resources/Info.plist";
				IPHONEOS_DEPLOYMENT_TARGET = 8.0;
				LD_RUNPATH_SEARCH_PATHS = (
					"$(inherited)",
					"@executable_path/Frameworks",
				);
				PRODUCT_BUNDLE_IDENTIFIER = com.dangdang.QQNewFeaturesDemo;
				PRODUCT_NAME = "$(TARGET_NAME)";
				TARGETED_DEVICE_FAMILY = 1;
			};
			name = Release;
		};
		4A48E30923176D02009E395E /* Debug */ = {
			isa = XCBuildConfiguration;
			baseConfigurationReference = F5B88D7769AA5284A4E549B0 /* Pods-QQNewFeaturesDemoTests.debug.xcconfig */;
			buildSettings = {
				BUNDLE_LOADER = "$(TEST_HOST)";
				CODE_SIGN_STYLE = Automatic;
				INFOPLIST_FILE = QQNewFeaturesDemoTests/Info.plist;
				LD_RUNPATH_SEARCH_PATHS = (
					"$(inherited)",
					"@executable_path/Frameworks",
					"@loader_path/Frameworks",
				);
				PRODUCT_BUNDLE_IDENTIFIER = com.dangdang.QQNewFeaturesDemoTests;
				PRODUCT_NAME = "$(TARGET_NAME)";
				TARGETED_DEVICE_FAMILY = "1,2";
				TEST_HOST = "$(BUILT_PRODUCTS_DIR)/QQNewFeaturesDemo.app/QQNewFeaturesDemo";
			};
			name = Debug;
		};
		4A48E30A23176D02009E395E /* Release */ = {
			isa = XCBuildConfiguration;
			baseConfigurationReference = D822811DA7FBD7CA9E208C94 /* Pods-QQNewFeaturesDemoTests.release.xcconfig */;
			buildSettings = {
				BUNDLE_LOADER = "$(TEST_HOST)";
				CODE_SIGN_STYLE = Automatic;
				INFOPLIST_FILE = QQNewFeaturesDemoTests/Info.plist;
				LD_RUNPATH_SEARCH_PATHS = (
					"$(inherited)",
					"@executable_path/Frameworks",
					"@loader_path/Frameworks",
				);
				PRODUCT_BUNDLE_IDENTIFIER = com.dangdang.QQNewFeaturesDemoTests;
				PRODUCT_NAME = "$(TARGET_NAME)";
				TARGETED_DEVICE_FAMILY = "1,2";
				TEST_HOST = "$(BUILT_PRODUCTS_DIR)/QQNewFeaturesDemo.app/QQNewFeaturesDemo";
			};
			name = Release;
		};
		4A48E30C23176D02009E395E /* Debug */ = {
			isa = XCBuildConfiguration;
			baseConfigurationReference = FD7240F337DDDBB9920EC06D /* Pods-QQNewFeaturesDemoUITests.debug.xcconfig */;
			buildSettings = {
				CODE_SIGN_STYLE = Automatic;
				INFOPLIST_FILE = QQNewFeaturesDemoUITests/Info.plist;
				LD_RUNPATH_SEARCH_PATHS = (
					"$(inherited)",
					"@executable_path/Frameworks",
					"@loader_path/Frameworks",
				);
				PRODUCT_BUNDLE_IDENTIFIER = com.dangdang.QQNewFeaturesDemoUITests;
				PRODUCT_NAME = "$(TARGET_NAME)";
				TARGETED_DEVICE_FAMILY = "1,2";
				TEST_TARGET_NAME = QQNewFeaturesDemo;
			};
			name = Debug;
		};
		4A48E30D23176D02009E395E /* Release */ = {
			isa = XCBuildConfiguration;
			baseConfigurationReference = 3C4A30D3F0BCF248A74DA07B /* Pods-QQNewFeaturesDemoUITests.release.xcconfig */;
			buildSettings = {
				CODE_SIGN_STYLE = Automatic;
				INFOPLIST_FILE = QQNewFeaturesDemoUITests/Info.plist;
				LD_RUNPATH_SEARCH_PATHS = (
					"$(inherited)",
					"@executable_path/Frameworks",
					"@loader_path/Frameworks",
				);
				PRODUCT_BUNDLE_IDENTIFIER = com.dangdang.QQNewFeaturesDemoUITests;
				PRODUCT_NAME = "$(TARGET_NAME)";
				TARGETED_DEVICE_FAMILY = "1,2";
				TEST_TARGET_NAME = QQNewFeaturesDemo;
			};
			name = Release;
		};
/* End XCBuildConfiguration section */

/* Begin XCConfigurationList section */
		4A48E2D423176D00009E395E /* Build configuration list for PBXProject "QQNewFeaturesDemo" */ = {
			isa = XCConfigurationList;
			buildConfigurations = (
				4A48E30323176D02009E395E /* Debug */,
				4A48E30423176D02009E395E /* Release */,
			);
			defaultConfigurationIsVisible = 0;
			defaultConfigurationName = Release;
		};
		4A48E30523176D02009E395E /* Build configuration list for PBXNativeTarget "QQNewFeaturesDemo" */ = {
			isa = XCConfigurationList;
			buildConfigurations = (
				4A48E30623176D02009E395E /* Debug */,
				4A48E30723176D02009E395E /* Release */,
			);
			defaultConfigurationIsVisible = 0;
			defaultConfigurationName = Release;
		};
		4A48E30823176D02009E395E /* Build configuration list for PBXNativeTarget "QQNewFeaturesDemoTests" */ = {
			isa = XCConfigurationList;
			buildConfigurations = (
				4A48E30923176D02009E395E /* Debug */,
				4A48E30A23176D02009E395E /* Release */,
			);
			defaultConfigurationIsVisible = 0;
			defaultConfigurationName = Release;
		};
		4A48E30B23176D02009E395E /* Build configuration list for PBXNativeTarget "QQNewFeaturesDemoUITests" */ = {
			isa = XCConfigurationList;
			buildConfigurations = (
				4A48E30C23176D02009E395E /* Debug */,
				4A48E30D23176D02009E395E /* Release */,
			);
			defaultConfigurationIsVisible = 0;
			defaultConfigurationName = Release;
		};
/* End XCConfigurationList section */
	};
	rootObject = 4A48E2D123176D00009E395E /* Project object */;
}
